
Microsoft Visual Studio Solution File, Format Version 12.00
# Visual Studio Version 16
VisualStudioVersion = 16.0.31313.79
MinimumVisualStudioVersion = 10.0.40219.1
Project("{FAE04EC0-301F-11D3-BF4B-00C04F79EFBC}") = "Csharp_shixi", "Csharp_shixi.csproj", "{5AFAABC9-E3BE-41A2-9B34-A87C3BF5A581}"
EndProject
Global
	GlobalSection(SolutionConfigurationPlatforms) = preSolution
		Debug|Any CPU = Debug|Any CPU
		Release|Any CPU = Release|Any CPU
	EndGlobalSection
	GlobalSection(ProjectConfigurationPlatforms) = postSolution
		{5AFAABC9-E3BE-41A2-9B34-A87C3BF5A581}.Debug|Any CPU.ActiveCfg = Debug|Any CPU
		{5AFAABC9-E3BE-41A2-9B34-A87C3BF5A581}.Debug|Any CPU.Build.0 = Debug|Any CPU
		{5AFAABC9-E3BE-41A2-9B34-A87C3BF5A581}.Release|Any CPU.ActiveCfg = Release|Any CPU
		{5AFAABC9-E3BE-41A2-9B34-A87C3BF5A581}.Release|Any CPU.Build.0 = Release|Any CPU
	EndGlobalSection
	GlobalSection(SolutionProperties) = preSolution
		HideSolutionNode = FALSE
	EndGlobalSection
	GlobalSection(ExtensibilityGlobals) = postSolution
		SolutionGuid = {FE40AD1B-C8DE-4024-8D7F-151CE011C4F6}
	EndGlobalSection
EndGlobal
